{
  "name": "ngx-persian-date-selector",
  "version": "1.0.0",
  "lockfileVersion": 1,
  "requires": true,
  "dependencies": {
    "@angular/material": {
      "version": "13.2.1",
      "resolved": "https://registry.npmjs.org/@angular/material/-/material-13.2.1.tgz",
      "integrity": "sha512-8pJuDsUqWDJemjog/18qrQf72K/BiptDCEY3PfvBK1Wkya6qUKfHKI/iCsToJL56vZ4N07hQHBe/KmYusZtHrQ==",
      "requires": {
        "tslib": "^2.3.0"
      },
      "dependencies": {
        "tslib": {
          "version": "2.3.1",
          "resolved": "https://registry.npmjs.org/tslib/-/tslib-2.3.1.tgz",
          "integrity": "sha512-77EbyPPpMz+FRFRuAFlWMtmgUWGe9UOG2Z25NqCwiIjRhOf5iKGuzSe5P2w1laq+FkRy4p+PCuVkJSGkzTEKVw=="
        }
      }
    },
    "@types/jalaali-js": {
      "version": "1.1.0",
      "resolved": "https://registry.npmjs.org/@types/jalaali-js/-/jalaali-js-1.1.0.tgz",
      "integrity": "sha1-7zsRG88gLRNP2eL9GBA/fb4iry4=",
      "dev": true
    },
    "@types/lodash": {
      "version": "4.14.178",
      "resolved": "https://registry.npmjs.org/@types/lodash/-/lodash-4.14.178.tgz",
      "integrity": "sha512-0d5Wd09ItQWH1qFbEyQ7oTQ3GZrMfth5JkbN3EvTKLXcHLRDSXeLnlvlOn0wvxVIwK5o2M8JzP/OWz7T3NRsbw==",
      "dev": true
    },
    "jalaali-js": {
      "version": "1.2.3",
      "resolved": "https://registry.npmjs.org/jalaali-js/-/jalaali-js-1.2.3.tgz",
      "integrity": "sha512-irl0pXL59Xl0Oz6jyOiJed/NxrVeS6fSx6a8atQOH/LsPWPZwBCxwe5XVEIqjnwt69FRxvnCCwQn5dTMxwbazQ=="
    },
    "lodash": {
      "version": "4.17.21",
      "resolved": "https://registry.npmjs.org/lodash/-/lodash-4.17.21.tgz",
      "integrity": "sha512-v2kDEe57lecTulaDIuNTPy3Ry4gLGJ6Z1O3vE1krgXZNrsQ+LFTGHVxVjcXPs17LhbZVGedAJv8XZ1tvj5FvSg=="
    },
    "tslib": {
      "version": "2.3.1",
      "resolved": "https://registry.npmjs.org/tslib/-/tslib-2.3.1.tgz",
      "integrity": "sha512-77EbyPPpMz+FRFRuAFlWMtmgUWGe9UOG2Z25NqCwiIjRhOf5iKGuzSe5P2w1laq+FkRy4p+PCuVkJSGkzTEKVw=="
    }
  }
}
